
Microsoft Visual Studio Solution File, Format Version 12.00
# Visual Studio Version 17
VisualStudioVersion = 17.11.35312.102
MinimumVisualStudioVersion = 10.0.40219.1
Project("{9A19103F-16F7-4668-BE54-9A1E7A4F7556}") = "BT1", "BT1\BT1.csproj", "{EDE87095-4D5B-4E74-BFD6-AFC338251D0E}"
EndProject
Project("{9A19103F-16F7-4668-BE54-9A1E7A4F7556}") = "BT2", "BT2\BT2.csproj", "{BE925BBD-17A6-4398-8EA5-DF86C78B9B07}"
EndProject
Project("{9A19103F-16F7-4668-BE54-9A1E7A4F7556}") = "BT3", "BT3\BT3.csproj", "{3E5E0584-BCC8-4A69-B0F5-DAE4840BA05F}"
EndProject
Project("{9A19103F-16F7-4668-BE54-9A1E7A4F7556}") = "BT4", "BT4\BT4.csproj", "{B644CC15-95AE-4A0A-BDF6-158619C8E911}"
EndProject
Project("{9A19103F-16F7-4668-BE54-9A1E7A4F7556}") = "BT5", "BT5\BT5.csproj", "{DBF29BA7-7EE7-4942-9CE1-0F5CD4700FF2}"
EndProject
Project("{9A19103F-16F7-4668-BE54-9A1E7A4F7556}") = "BT6", "BT6\BT6.csproj", "{B9BD7D1D-922E-43C6-B235-2BFE045CDA62}"
EndProject
Project("{9A19103F-16F7-4668-BE54-9A1E7A4F7556}") = "BT7", "BT7\BT7.csproj", "{E3EDD1A4-50FF-49F8-8491-AB0C6B060442}"
EndProject
Project("{9A19103F-16F7-4668-BE54-9A1E7A4F7556}") = "BT8", "BT8\BT8.csproj", "{03888BE7-098E-4BE1-AE38-B80A6FD78A15}"
EndProject
Project("{9A19103F-16F7-4668-BE54-9A1E7A4F7556}") = "BT9", "BT9\BT9.csproj", "{FC0AF837-B8E6-4658-BB7E-ADCD6C966D14}"
EndProject
Project("{9A19103F-16F7-4668-BE54-9A1E7A4F7556}") = "BT10", "BT10\BT10.csproj", "{196CE93E-02B4-441E-A664-2804D3A3C01C}"
EndProject
Project("{FAE04EC0-301F-11D3-BF4B-00C04F79EFBC}") = "BT11", "BT11\BT11.csproj", "{93128943-7C5D-4E7D-9457-9D6CD5180A8A}"
EndProject
Project("{FAE04EC0-301F-11D3-BF4B-00C04F79EFBC}") = "BT12", "BT12\BT12.csproj", "{BC65D995-CFC4-4F15-B690-7EB8E33BE1ED}"
EndProject
Project("{FAE04EC0-301F-11D3-BF4B-00C04F79EFBC}") = "BT13", "BT13\BT13.csproj", "{9F4FDC72-B64F-44D5-AC5C-08A83E37E6D7}"
EndProject
Project("{FAE04EC0-301F-11D3-BF4B-00C04F79EFBC}") = "BT14", "BT14\BT14.csproj", "{D873AC52-2ABA-4487-A77C-ED251086982A}"
EndProject
Global
	GlobalSection(SolutionConfigurationPlatforms) = preSolution
		Debug|Any CPU = Debug|Any CPU
		Release|Any CPU = Release|Any CPU
	EndGlobalSection
	GlobalSection(ProjectConfigurationPlatforms) = postSolution
		{EDE87095-4D5B-4E74-BFD6-AFC338251D0E}.Debug|Any CPU.ActiveCfg = Debug|Any CPU
		{EDE87095-4D5B-4E74-BFD6-AFC338251D0E}.Debug|Any CPU.Build.0 = Debug|Any CPU
		{EDE87095-4D5B-4E74-BFD6-AFC338251D0E}.Release|Any CPU.ActiveCfg = Release|Any CPU
		{EDE87095-4D5B-4E74-BFD6-AFC338251D0E}.Release|Any CPU.Build.0 = Release|Any CPU
		{BE925BBD-17A6-4398-8EA5-DF86C78B9B07}.Debug|Any CPU.ActiveCfg = Debug|Any CPU
		{BE925BBD-17A6-4398-8EA5-DF86C78B9B07}.Debug|Any CPU.Build.0 = Debug|Any CPU
		{BE925BBD-17A6-4398-8EA5-DF86C78B9B07}.Release|Any CPU.ActiveCfg = Release|Any CPU
		{BE925BBD-17A6-4398-8EA5-DF86C78B9B07}.Release|Any CPU.Build.0 = Release|Any CPU
		{3E5E0584-BCC8-4A69-B0F5-DAE4840BA05F}.Debug|Any CPU.ActiveCfg = Debug|Any CPU
		{3E5E0584-BCC8-4A69-B0F5-DAE4840BA05F}.Debug|Any CPU.Build.0 = Debug|Any CPU
		{3E5E0584-BCC8-4A69-B0F5-DAE4840BA05F}.Release|Any CPU.ActiveCfg = Release|Any CPU
		{3E5E0584-BCC8-4A69-B0F5-DAE4840BA05F}.Release|Any CPU.Build.0 = Release|Any CPU
		{B644CC15-95AE-4A0A-BDF6-158619C8E911}.Debug|Any CPU.ActiveCfg = Debug|Any CPU
		{B644CC15-95AE-4A0A-BDF6-158619C8E911}.Debug|Any CPU.Build.0 = Debug|Any CPU
		{B644CC15-95AE-4A0A-BDF6-158619C8E911}.Release|Any CPU.ActiveCfg = Release|Any CPU
		{B644CC15-95AE-4A0A-BDF6-158619C8E911}.Release|Any CPU.Build.0 = Release|Any CPU
		{DBF29BA7-7EE7-4942-9CE1-0F5CD4700FF2}.Debug|Any CPU.ActiveCfg = Debug|Any CPU
		{DBF29BA7-7EE7-4942-9CE1-0F5CD4700FF2}.Debug|Any CPU.Build.0 = Debug|Any CPU
		{DBF29BA7-7EE7-4942-9CE1-0F5CD4700FF2}.Release|Any CPU.ActiveCfg = Release|Any CPU
		{DBF29BA7-7EE7-4942-9CE1-0F5CD4700FF2}.Release|Any CPU.Build.0 = Release|Any CPU
		{B9BD7D1D-922E-43C6-B235-2BFE045CDA62}.Debug|Any CPU.ActiveCfg = Debug|Any CPU
		{B9BD7D1D-922E-43C6-B235-2BFE045CDA62}.Debug|Any CPU.Build.0 = Debug|Any CPU
		{B9BD7D1D-922E-43C6-B235-2BFE045CDA62}.Release|Any CPU.ActiveCfg = Release|Any CPU
		{B9BD7D1D-922E-43C6-B235-2BFE045CDA62}.Release|Any CPU.Build.0 = Release|Any CPU
		{E3EDD1A4-50FF-49F8-8491-AB0C6B060442}.Debug|Any CPU.ActiveCfg = Debug|Any CPU
		{E3EDD1A4-50FF-49F8-8491-AB0C6B060442}.Debug|Any CPU.Build.0 = Debug|Any CPU
		{E3EDD1A4-50FF-49F8-8491-AB0C6B060442}.Release|Any CPU.ActiveCfg = Release|Any CPU
		{E3EDD1A4-50FF-49F8-8491-AB0C6B060442}.Release|Any CPU.Build.0 = Release|Any CPU
		{03888BE7-098E-4BE1-AE38-B80A6FD78A15}.Debug|Any CPU.ActiveCfg = Debug|Any CPU
		{03888BE7-098E-4BE1-AE38-B80A6FD78A15}.Debug|Any CPU.Build.0 = Debug|Any CPU
		{03888BE7-098E-4BE1-AE38-B80A6FD78A15}.Release|Any CPU.ActiveCfg = Release|Any CPU
		{03888BE7-098E-4BE1-AE38-B80A6FD78A15}.Release|Any CPU.Build.0 = Release|Any CPU
		{FC0AF837-B8E6-4658-BB7E-ADCD6C966D14}.Debug|Any CPU.ActiveCfg = Debug|Any CPU
		{FC0AF837-B8E6-4658-BB7E-ADCD6C966D14}.Debug|Any CPU.Build.0 = Debug|Any CPU
		{FC0AF837-B8E6-4658-BB7E-ADCD6C966D14}.Release|Any CPU.ActiveCfg = Release|Any CPU
		{FC0AF837-B8E6-4658-BB7E-ADCD6C966D14}.Release|Any CPU.Build.0 = Release|Any CPU
		{196CE93E-02B4-441E-A664-2804D3A3C01C}.Debug|Any CPU.ActiveCfg = Debug|Any CPU
		{196CE93E-02B4-441E-A664-2804D3A3C01C}.Debug|Any CPU.Build.0 = Debug|Any CPU
		{196CE93E-02B4-441E-A664-2804D3A3C01C}.Release|Any CPU.ActiveCfg = Release|Any CPU
		{196CE93E-02B4-441E-A664-2804D3A3C01C}.Release|Any CPU.Build.0 = Release|Any CPU
		{93128943-7C5D-4E7D-9457-9D6CD5180A8A}.Debug|Any CPU.ActiveCfg = Debug|Any CPU
		{93128943-7C5D-4E7D-9457-9D6CD5180A8A}.Debug|Any CPU.Build.0 = Debug|Any CPU
		{93128943-7C5D-4E7D-9457-9D6CD5180A8A}.Release|Any CPU.ActiveCfg = Release|Any CPU
		{93128943-7C5D-4E7D-9457-9D6CD5180A8A}.Release|Any CPU.Build.0 = Release|Any CPU
		{BC65D995-CFC4-4F15-B690-7EB8E33BE1ED}.Debug|Any CPU.ActiveCfg = Debug|Any CPU
		{BC65D995-CFC4-4F15-B690-7EB8E33BE1ED}.Debug|Any CPU.Build.0 = Debug|Any CPU
		{BC65D995-CFC4-4F15-B690-7EB8E33BE1ED}.Release|Any CPU.ActiveCfg = Release|Any CPU
		{BC65D995-CFC4-4F15-B690-7EB8E33BE1ED}.Release|Any CPU.Build.0 = Release|Any CPU
		{9F4FDC72-B64F-44D5-AC5C-08A83E37E6D7}.Debug|Any CPU.ActiveCfg = Debug|Any CPU
		{9F4FDC72-B64F-44D5-AC5C-08A83E37E6D7}.Debug|Any CPU.Build.0 = Debug|Any CPU
		{9F4FDC72-B64F-44D5-AC5C-08A83E37E6D7}.Release|Any CPU.ActiveCfg = Release|Any CPU
		{9F4FDC72-B64F-44D5-AC5C-08A83E37E6D7}.Release|Any CPU.Build.0 = Release|Any CPU
		{D873AC52-2ABA-4487-A77C-ED251086982A}.Debug|Any CPU.ActiveCfg = Debug|Any CPU
		{D873AC52-2ABA-4487-A77C-ED251086982A}.Debug|Any CPU.Build.0 = Debug|Any CPU
		{D873AC52-2ABA-4487-A77C-ED251086982A}.Release|Any CPU.ActiveCfg = Release|Any CPU
		{D873AC52-2ABA-4487-A77C-ED251086982A}.Release|Any CPU.Build.0 = Release|Any CPU
	EndGlobalSection
	GlobalSection(SolutionProperties) = preSolution
		HideSolutionNode = FALSE
	EndGlobalSection
	GlobalSection(ExtensibilityGlobals) = postSolution
		SolutionGuid = {294CAF52-06D5-47E9-937A-111EE057B3AA}
	EndGlobalSection
EndGlobal
