
Microsoft Visual Studio Solution File, Format Version 12.00
# Visual Studio Version 17
VisualStudioVersion = 17.11.35312.102
MinimumVisualStudioVersion = 10.0.40219.1
Project("{9A19103F-16F7-4668-BE54-9A1E7A4F7556}") = "BT1", "BT1\BT1.csproj", "{7A9E54AE-D9D1-471D-B103-13DD5E1F1F88}"
EndProject
Project("{9A19103F-16F7-4668-BE54-9A1E7A4F7556}") = "BT2", "BT2\BT2.csproj", "{F04C2382-669A-45FD-9FAD-E045AE024BFE}"
EndProject
Project("{9A19103F-16F7-4668-BE54-9A1E7A4F7556}") = "BT3", "BT3\BT3.csproj", "{44BF2214-D724-4887-BFE8-09CE4DCF1231}"
EndProject
Project("{9A19103F-16F7-4668-BE54-9A1E7A4F7556}") = "BT4", "BT4\BT4.csproj", "{863EF815-43EB-40CC-A4D4-4F357ABCF2A0}"
EndProject
Project("{9A19103F-16F7-4668-BE54-9A1E7A4F7556}") = "BT5", "BT5\BT5.csproj", "{4B33AD08-80B8-4864-872E-78D928E27C80}"
EndProject
Project("{9A19103F-16F7-4668-BE54-9A1E7A4F7556}") = "BT6", "BT6\BT6.csproj", "{89F1B3B3-0A15-4B16-A8E3-27810001951A}"
EndProject
Project("{9A19103F-16F7-4668-BE54-9A1E7A4F7556}") = "BT7", "BT7\BT7.csproj", "{995EE166-0B87-46D8-B5BE-49ACBB5C6806}"
EndProject
Project("{9A19103F-16F7-4668-BE54-9A1E7A4F7556}") = "BT8", "BT8\BT8.csproj", "{BE4F0EFE-E9A9-4A65-90D5-8F34B2AF95AE}"
EndProject
Project("{FAE04EC0-301F-11D3-BF4B-00C04F79EFBC}") = "BT9", "BT9\BT9.csproj", "{902CB7EC-E6B2-4435-A44D-51BE8E367A1F}"
EndProject
Project("{FAE04EC0-301F-11D3-BF4B-00C04F79EFBC}") = "BT10", "BT10\BT10.csproj", "{1353CE29-819B-4827-AB97-2B4BD271EAB5}"
EndProject
Project("{FAE04EC0-301F-11D3-BF4B-00C04F79EFBC}") = "BT11", "BT11\BT11.csproj", "{781C0608-1210-41F8-B2A7-D0EC34DF1019}"
EndProject
Global
	GlobalSection(SolutionConfigurationPlatforms) = preSolution
		Debug|Any CPU = Debug|Any CPU
		Release|Any CPU = Release|Any CPU
	EndGlobalSection
	GlobalSection(ProjectConfigurationPlatforms) = postSolution
		{7A9E54AE-D9D1-471D-B103-13DD5E1F1F88}.Debug|Any CPU.ActiveCfg = Debug|Any CPU
		{7A9E54AE-D9D1-471D-B103-13DD5E1F1F88}.Debug|Any CPU.Build.0 = Debug|Any CPU
		{7A9E54AE-D9D1-471D-B103-13DD5E1F1F88}.Release|Any CPU.ActiveCfg = Release|Any CPU
		{7A9E54AE-D9D1-471D-B103-13DD5E1F1F88}.Release|Any CPU.Build.0 = Release|Any CPU
		{F04C2382-669A-45FD-9FAD-E045AE024BFE}.Debug|Any CPU.ActiveCfg = Debug|Any CPU
		{F04C2382-669A-45FD-9FAD-E045AE024BFE}.Debug|Any CPU.Build.0 = Debug|Any CPU
		{F04C2382-669A-45FD-9FAD-E045AE024BFE}.Release|Any CPU.ActiveCfg = Release|Any CPU
		{F04C2382-669A-45FD-9FAD-E045AE024BFE}.Release|Any CPU.Build.0 = Release|Any CPU
		{44BF2214-D724-4887-BFE8-09CE4DCF1231}.Debug|Any CPU.ActiveCfg = Debug|Any CPU
		{44BF2214-D724-4887-BFE8-09CE4DCF1231}.Debug|Any CPU.Build.0 = Debug|Any CPU
		{44BF2214-D724-4887-BFE8-09CE4DCF1231}.Release|Any CPU.ActiveCfg = Release|Any CPU
		{44BF2214-D724-4887-BFE8-09CE4DCF1231}.Release|Any CPU.Build.0 = Release|Any CPU
		{863EF815-43EB-40CC-A4D4-4F357ABCF2A0}.Debug|Any CPU.ActiveCfg = Debug|Any CPU
		{863EF815-43EB-40CC-A4D4-4F357ABCF2A0}.Debug|Any CPU.Build.0 = Debug|Any CPU
		{863EF815-43EB-40CC-A4D4-4F357ABCF2A0}.Release|Any CPU.ActiveCfg = Release|Any CPU
		{863EF815-43EB-40CC-A4D4-4F357ABCF2A0}.Release|Any CPU.Build.0 = Release|Any CPU
		{4B33AD08-80B8-4864-872E-78D928E27C80}.Debug|Any CPU.ActiveCfg = Debug|Any CPU
		{4B33AD08-80B8-4864-872E-78D928E27C80}.Debug|Any CPU.Build.0 = Debug|Any CPU
		{4B33AD08-80B8-4864-872E-78D928E27C80}.Release|Any CPU.ActiveCfg = Release|Any CPU
		{4B33AD08-80B8-4864-872E-78D928E27C80}.Release|Any CPU.Build.0 = Release|Any CPU
		{89F1B3B3-0A15-4B16-A8E3-27810001951A}.Debug|Any CPU.ActiveCfg = Debug|Any CPU
		{89F1B3B3-0A15-4B16-A8E3-27810001951A}.Debug|Any CPU.Build.0 = Debug|Any CPU
		{89F1B3B3-0A15-4B16-A8E3-27810001951A}.Release|Any CPU.ActiveCfg = Release|Any CPU
		{89F1B3B3-0A15-4B16-A8E3-27810001951A}.Release|Any CPU.Build.0 = Release|Any CPU
		{995EE166-0B87-46D8-B5BE-49ACBB5C6806}.Debug|Any CPU.ActiveCfg = Debug|Any CPU
		{995EE166-0B87-46D8-B5BE-49ACBB5C6806}.Debug|Any CPU.Build.0 = Debug|Any CPU
		{995EE166-0B87-46D8-B5BE-49ACBB5C6806}.Release|Any CPU.ActiveCfg = Release|Any CPU
		{995EE166-0B87-46D8-B5BE-49ACBB5C6806}.Release|Any CPU.Build.0 = Release|Any CPU
		{BE4F0EFE-E9A9-4A65-90D5-8F34B2AF95AE}.Debug|Any CPU.ActiveCfg = Debug|Any CPU
		{BE4F0EFE-E9A9-4A65-90D5-8F34B2AF95AE}.Debug|Any CPU.Build.0 = Debug|Any CPU
		{BE4F0EFE-E9A9-4A65-90D5-8F34B2AF95AE}.Release|Any CPU.ActiveCfg = Release|Any CPU
		{BE4F0EFE-E9A9-4A65-90D5-8F34B2AF95AE}.Release|Any CPU.Build.0 = Release|Any CPU
		{902CB7EC-E6B2-4435-A44D-51BE8E367A1F}.Debug|Any CPU.ActiveCfg = Debug|Any CPU
		{902CB7EC-E6B2-4435-A44D-51BE8E367A1F}.Debug|Any CPU.Build.0 = Debug|Any CPU
		{902CB7EC-E6B2-4435-A44D-51BE8E367A1F}.Release|Any CPU.ActiveCfg = Release|Any CPU
		{902CB7EC-E6B2-4435-A44D-51BE8E367A1F}.Release|Any CPU.Build.0 = Release|Any CPU
		{1353CE29-819B-4827-AB97-2B4BD271EAB5}.Debug|Any CPU.ActiveCfg = Debug|Any CPU
		{1353CE29-819B-4827-AB97-2B4BD271EAB5}.Debug|Any CPU.Build.0 = Debug|Any CPU
		{1353CE29-819B-4827-AB97-2B4BD271EAB5}.Release|Any CPU.ActiveCfg = Release|Any CPU
		{1353CE29-819B-4827-AB97-2B4BD271EAB5}.Release|Any CPU.Build.0 = Release|Any CPU
		{781C0608-1210-41F8-B2A7-D0EC34DF1019}.Debug|Any CPU.ActiveCfg = Debug|Any CPU
		{781C0608-1210-41F8-B2A7-D0EC34DF1019}.Debug|Any CPU.Build.0 = Debug|Any CPU
		{781C0608-1210-41F8-B2A7-D0EC34DF1019}.Release|Any CPU.ActiveCfg = Release|Any CPU
		{781C0608-1210-41F8-B2A7-D0EC34DF1019}.Release|Any CPU.Build.0 = Release|Any CPU
	EndGlobalSection
	GlobalSection(SolutionProperties) = preSolution
		HideSolutionNode = FALSE
	EndGlobalSection
	GlobalSection(ExtensibilityGlobals) = postSolution
		SolutionGuid = {E9703524-EFCA-4222-81EB-CB6A1CC159A2}
	EndGlobalSection
EndGlobal
