
Microsoft Visual Studio Solution File, Format Version 12.00
# Visual Studio Version 17
VisualStudioVersion = 17.11.35312.102
MinimumVisualStudioVersion = 10.0.40219.1
Project("{9A19103F-16F7-4668-BE54-9A1E7A4F7556}") = "BT1", "BT1\BT1.csproj", "{2CB5741B-7607-4A6C-8C49-1856651C49D2}"
EndProject
Project("{9A19103F-16F7-4668-BE54-9A1E7A4F7556}") = "BT2", "BT2\BT2.csproj", "{4EB4A3AB-3694-4F59-A59D-B0B4EB276582}"
EndProject
Project("{9A19103F-16F7-4668-BE54-9A1E7A4F7556}") = "BT3", "BT3\BT3.csproj", "{EBF34E32-ADC7-494E-BD5D-1E185EB4C96D}"
EndProject
Project("{9A19103F-16F7-4668-BE54-9A1E7A4F7556}") = "BT4", "BT4\BT4.csproj", "{231ED922-C35F-49D0-BEED-ABCCBE5229F5}"
EndProject
Project("{9A19103F-16F7-4668-BE54-9A1E7A4F7556}") = "BT5", "BT5\BT5.csproj", "{FBC022B2-D2FB-4D35-9F41-7CA589615D77}"
EndProject
Project("{9A19103F-16F7-4668-BE54-9A1E7A4F7556}") = "BT6", "BT6\BT6.csproj", "{4BE49F26-FA2E-4877-B29E-9E0BC2852F55}"
EndProject
Project("{9A19103F-16F7-4668-BE54-9A1E7A4F7556}") = "BT7", "BT7\BT7.csproj", "{4158C2C0-A7F5-4D8C-9EF5-A1EED5FB8609}"
EndProject
Project("{9A19103F-16F7-4668-BE54-9A1E7A4F7556}") = "BT8", "BT8\BT8.csproj", "{02FE1914-9310-453E-B713-39D47EDA59E5}"
EndProject
Project("{9A19103F-16F7-4668-BE54-9A1E7A4F7556}") = "BT9", "BT9\BT9.csproj", "{87737A80-2F79-4EF3-836B-26F9565BF81B}"
EndProject
Project("{9A19103F-16F7-4668-BE54-9A1E7A4F7556}") = "BT10", "BT10\BT10.csproj", "{7232840C-AC7B-4706-A93E-F6E951A3A9E9}"
EndProject
Project("{FAE04EC0-301F-11D3-BF4B-00C04F79EFBC}") = "BT11", "BT11\BT11.csproj", "{A3824C64-6F52-4C6E-A2AC-FD7913A8DE18}"
EndProject
Project("{FAE04EC0-301F-11D3-BF4B-00C04F79EFBC}") = "BT12", "BT12\BT12.csproj", "{FA31C6FC-13FD-4012-A738-26D4CA24A901}"
EndProject
Global
	GlobalSection(SolutionConfigurationPlatforms) = preSolution
		Debug|Any CPU = Debug|Any CPU
		Release|Any CPU = Release|Any CPU
	EndGlobalSection
	GlobalSection(ProjectConfigurationPlatforms) = postSolution
		{2CB5741B-7607-4A6C-8C49-1856651C49D2}.Debug|Any CPU.ActiveCfg = Debug|Any CPU
		{2CB5741B-7607-4A6C-8C49-1856651C49D2}.Debug|Any CPU.Build.0 = Debug|Any CPU
		{2CB5741B-7607-4A6C-8C49-1856651C49D2}.Release|Any CPU.ActiveCfg = Release|Any CPU
		{2CB5741B-7607-4A6C-8C49-1856651C49D2}.Release|Any CPU.Build.0 = Release|Any CPU
		{4EB4A3AB-3694-4F59-A59D-B0B4EB276582}.Debug|Any CPU.ActiveCfg = Debug|Any CPU
		{4EB4A3AB-3694-4F59-A59D-B0B4EB276582}.Debug|Any CPU.Build.0 = Debug|Any CPU
		{4EB4A3AB-3694-4F59-A59D-B0B4EB276582}.Release|Any CPU.ActiveCfg = Release|Any CPU
		{4EB4A3AB-3694-4F59-A59D-B0B4EB276582}.Release|Any CPU.Build.0 = Release|Any CPU
		{EBF34E32-ADC7-494E-BD5D-1E185EB4C96D}.Debug|Any CPU.ActiveCfg = Debug|Any CPU
		{EBF34E32-ADC7-494E-BD5D-1E185EB4C96D}.Debug|Any CPU.Build.0 = Debug|Any CPU
		{EBF34E32-ADC7-494E-BD5D-1E185EB4C96D}.Release|Any CPU.ActiveCfg = Release|Any CPU
		{EBF34E32-ADC7-494E-BD5D-1E185EB4C96D}.Release|Any CPU.Build.0 = Release|Any CPU
		{231ED922-C35F-49D0-BEED-ABCCBE5229F5}.Debug|Any CPU.ActiveCfg = Debug|Any CPU
		{231ED922-C35F-49D0-BEED-ABCCBE5229F5}.Debug|Any CPU.Build.0 = Debug|Any CPU
		{231ED922-C35F-49D0-BEED-ABCCBE5229F5}.Release|Any CPU.ActiveCfg = Release|Any CPU
		{231ED922-C35F-49D0-BEED-ABCCBE5229F5}.Release|Any CPU.Build.0 = Release|Any CPU
		{FBC022B2-D2FB-4D35-9F41-7CA589615D77}.Debug|Any CPU.ActiveCfg = Debug|Any CPU
		{FBC022B2-D2FB-4D35-9F41-7CA589615D77}.Debug|Any CPU.Build.0 = Debug|Any CPU
		{FBC022B2-D2FB-4D35-9F41-7CA589615D77}.Release|Any CPU.ActiveCfg = Release|Any CPU
		{FBC022B2-D2FB-4D35-9F41-7CA589615D77}.Release|Any CPU.Build.0 = Release|Any CPU
		{4BE49F26-FA2E-4877-B29E-9E0BC2852F55}.Debug|Any CPU.ActiveCfg = Debug|Any CPU
		{4BE49F26-FA2E-4877-B29E-9E0BC2852F55}.Debug|Any CPU.Build.0 = Debug|Any CPU
		{4BE49F26-FA2E-4877-B29E-9E0BC2852F55}.Release|Any CPU.ActiveCfg = Release|Any CPU
		{4BE49F26-FA2E-4877-B29E-9E0BC2852F55}.Release|Any CPU.Build.0 = Release|Any CPU
		{4158C2C0-A7F5-4D8C-9EF5-A1EED5FB8609}.Debug|Any CPU.ActiveCfg = Debug|Any CPU
		{4158C2C0-A7F5-4D8C-9EF5-A1EED5FB8609}.Debug|Any CPU.Build.0 = Debug|Any CPU
		{4158C2C0-A7F5-4D8C-9EF5-A1EED5FB8609}.Release|Any CPU.ActiveCfg = Release|Any CPU
		{4158C2C0-A7F5-4D8C-9EF5-A1EED5FB8609}.Release|Any CPU.Build.0 = Release|Any CPU
		{02FE1914-9310-453E-B713-39D47EDA59E5}.Debug|Any CPU.ActiveCfg = Debug|Any CPU
		{02FE1914-9310-453E-B713-39D47EDA59E5}.Debug|Any CPU.Build.0 = Debug|Any CPU
		{02FE1914-9310-453E-B713-39D47EDA59E5}.Release|Any CPU.ActiveCfg = Release|Any CPU
		{02FE1914-9310-453E-B713-39D47EDA59E5}.Release|Any CPU.Build.0 = Release|Any CPU
		{87737A80-2F79-4EF3-836B-26F9565BF81B}.Debug|Any CPU.ActiveCfg = Debug|Any CPU
		{87737A80-2F79-4EF3-836B-26F9565BF81B}.Debug|Any CPU.Build.0 = Debug|Any CPU
		{87737A80-2F79-4EF3-836B-26F9565BF81B}.Release|Any CPU.ActiveCfg = Release|Any CPU
		{87737A80-2F79-4EF3-836B-26F9565BF81B}.Release|Any CPU.Build.0 = Release|Any CPU
		{7232840C-AC7B-4706-A93E-F6E951A3A9E9}.Debug|Any CPU.ActiveCfg = Debug|Any CPU
		{7232840C-AC7B-4706-A93E-F6E951A3A9E9}.Debug|Any CPU.Build.0 = Debug|Any CPU
		{7232840C-AC7B-4706-A93E-F6E951A3A9E9}.Release|Any CPU.ActiveCfg = Release|Any CPU
		{7232840C-AC7B-4706-A93E-F6E951A3A9E9}.Release|Any CPU.Build.0 = Release|Any CPU
		{A3824C64-6F52-4C6E-A2AC-FD7913A8DE18}.Debug|Any CPU.ActiveCfg = Debug|Any CPU
		{A3824C64-6F52-4C6E-A2AC-FD7913A8DE18}.Debug|Any CPU.Build.0 = Debug|Any CPU
		{A3824C64-6F52-4C6E-A2AC-FD7913A8DE18}.Release|Any CPU.ActiveCfg = Release|Any CPU
		{A3824C64-6F52-4C6E-A2AC-FD7913A8DE18}.Release|Any CPU.Build.0 = Release|Any CPU
		{FA31C6FC-13FD-4012-A738-26D4CA24A901}.Debug|Any CPU.ActiveCfg = Debug|Any CPU
		{FA31C6FC-13FD-4012-A738-26D4CA24A901}.Debug|Any CPU.Build.0 = Debug|Any CPU
		{FA31C6FC-13FD-4012-A738-26D4CA24A901}.Release|Any CPU.ActiveCfg = Release|Any CPU
		{FA31C6FC-13FD-4012-A738-26D4CA24A901}.Release|Any CPU.Build.0 = Release|Any CPU
	EndGlobalSection
	GlobalSection(SolutionProperties) = preSolution
		HideSolutionNode = FALSE
	EndGlobalSection
	GlobalSection(ExtensibilityGlobals) = postSolution
		SolutionGuid = {5AFF3679-B50B-4B28-8FE8-63A8591D243B}
	EndGlobalSection
EndGlobal
