
Microsoft Visual Studio Solution File, Format Version 12.00
# Visual Studio Version 17
VisualStudioVersion = 17.11.35312.102
MinimumVisualStudioVersion = 10.0.40219.1
Project("{9A19103F-16F7-4668-BE54-9A1E7A4F7556}") = "BT1", "BT1\BT1.csproj", "{5BE4CFD2-F1B1-4817-80E2-9D443798A22D}"
EndProject
Project("{9A19103F-16F7-4668-BE54-9A1E7A4F7556}") = "BT2", "BT2\BT2.csproj", "{CEE12C26-A560-49FB-AAD7-0EBAADC5D5B6}"
EndProject
Project("{9A19103F-16F7-4668-BE54-9A1E7A4F7556}") = "BT3", "BT3\BT3.csproj", "{FCA17312-C45D-4991-A0D8-5E8D39F8EFF2}"
EndProject
Project("{9A19103F-16F7-4668-BE54-9A1E7A4F7556}") = "BT4", "BT4\BT4.csproj", "{4A40D630-57DB-4A35-860C-7FBC322EADC7}"
EndProject
Project("{9A19103F-16F7-4668-BE54-9A1E7A4F7556}") = "BT5", "BT5\BT5.csproj", "{E0EE5E7C-4B9E-430F-B3A1-18E8BDB3B491}"
EndProject
Project("{9A19103F-16F7-4668-BE54-9A1E7A4F7556}") = "BT6", "BT6\BT6.csproj", "{B3E2E479-92AA-4C2A-914A-6D6380E84264}"
EndProject
Project("{9A19103F-16F7-4668-BE54-9A1E7A4F7556}") = "BT7", "BT7\BT7.csproj", "{D94654CA-4737-4EF7-A3AD-057AAFC2EB08}"
EndProject
Project("{9A19103F-16F7-4668-BE54-9A1E7A4F7556}") = "BT8", "BT8\BT8.csproj", "{7BA5F0AA-245B-40E6-98AC-A6924BFE12EA}"
EndProject
Project("{9A19103F-16F7-4668-BE54-9A1E7A4F7556}") = "BT9", "BT9\BT9.csproj", "{871B0DD3-1F1A-4CFE-9406-724CBEA65899}"
EndProject
Project("{9A19103F-16F7-4668-BE54-9A1E7A4F7556}") = "BT10", "BT10\BT10.csproj", "{7F44E193-24DC-4534-90EF-CDF5F6D89885}"
EndProject
Global
	GlobalSection(SolutionConfigurationPlatforms) = preSolution
		Debug|Any CPU = Debug|Any CPU
		Release|Any CPU = Release|Any CPU
	EndGlobalSection
	GlobalSection(ProjectConfigurationPlatforms) = postSolution
		{5BE4CFD2-F1B1-4817-80E2-9D443798A22D}.Debug|Any CPU.ActiveCfg = Debug|Any CPU
		{5BE4CFD2-F1B1-4817-80E2-9D443798A22D}.Debug|Any CPU.Build.0 = Debug|Any CPU
		{5BE4CFD2-F1B1-4817-80E2-9D443798A22D}.Release|Any CPU.ActiveCfg = Release|Any CPU
		{5BE4CFD2-F1B1-4817-80E2-9D443798A22D}.Release|Any CPU.Build.0 = Release|Any CPU
		{CEE12C26-A560-49FB-AAD7-0EBAADC5D5B6}.Debug|Any CPU.ActiveCfg = Debug|Any CPU
		{CEE12C26-A560-49FB-AAD7-0EBAADC5D5B6}.Debug|Any CPU.Build.0 = Debug|Any CPU
		{CEE12C26-A560-49FB-AAD7-0EBAADC5D5B6}.Release|Any CPU.ActiveCfg = Release|Any CPU
		{CEE12C26-A560-49FB-AAD7-0EBAADC5D5B6}.Release|Any CPU.Build.0 = Release|Any CPU
		{FCA17312-C45D-4991-A0D8-5E8D39F8EFF2}.Debug|Any CPU.ActiveCfg = Debug|Any CPU
		{FCA17312-C45D-4991-A0D8-5E8D39F8EFF2}.Debug|Any CPU.Build.0 = Debug|Any CPU
		{FCA17312-C45D-4991-A0D8-5E8D39F8EFF2}.Release|Any CPU.ActiveCfg = Release|Any CPU
		{FCA17312-C45D-4991-A0D8-5E8D39F8EFF2}.Release|Any CPU.Build.0 = Release|Any CPU
		{4A40D630-57DB-4A35-860C-7FBC322EADC7}.Debug|Any CPU.ActiveCfg = Debug|Any CPU
		{4A40D630-57DB-4A35-860C-7FBC322EADC7}.Debug|Any CPU.Build.0 = Debug|Any CPU
		{4A40D630-57DB-4A35-860C-7FBC322EADC7}.Release|Any CPU.ActiveCfg = Release|Any CPU
		{4A40D630-57DB-4A35-860C-7FBC322EADC7}.Release|Any CPU.Build.0 = Release|Any CPU
		{E0EE5E7C-4B9E-430F-B3A1-18E8BDB3B491}.Debug|Any CPU.ActiveCfg = Debug|Any CPU
		{E0EE5E7C-4B9E-430F-B3A1-18E8BDB3B491}.Debug|Any CPU.Build.0 = Debug|Any CPU
		{E0EE5E7C-4B9E-430F-B3A1-18E8BDB3B491}.Release|Any CPU.ActiveCfg = Release|Any CPU
		{E0EE5E7C-4B9E-430F-B3A1-18E8BDB3B491}.Release|Any CPU.Build.0 = Release|Any CPU
		{B3E2E479-92AA-4C2A-914A-6D6380E84264}.Debug|Any CPU.ActiveCfg = Debug|Any CPU
		{B3E2E479-92AA-4C2A-914A-6D6380E84264}.Debug|Any CPU.Build.0 = Debug|Any CPU
		{B3E2E479-92AA-4C2A-914A-6D6380E84264}.Release|Any CPU.ActiveCfg = Release|Any CPU
		{B3E2E479-92AA-4C2A-914A-6D6380E84264}.Release|Any CPU.Build.0 = Release|Any CPU
		{D94654CA-4737-4EF7-A3AD-057AAFC2EB08}.Debug|Any CPU.ActiveCfg = Debug|Any CPU
		{D94654CA-4737-4EF7-A3AD-057AAFC2EB08}.Debug|Any CPU.Build.0 = Debug|Any CPU
		{D94654CA-4737-4EF7-A3AD-057AAFC2EB08}.Release|Any CPU.ActiveCfg = Release|Any CPU
		{D94654CA-4737-4EF7-A3AD-057AAFC2EB08}.Release|Any CPU.Build.0 = Release|Any CPU
		{7BA5F0AA-245B-40E6-98AC-A6924BFE12EA}.Debug|Any CPU.ActiveCfg = Debug|Any CPU
		{7BA5F0AA-245B-40E6-98AC-A6924BFE12EA}.Debug|Any CPU.Build.0 = Debug|Any CPU
		{7BA5F0AA-245B-40E6-98AC-A6924BFE12EA}.Release|Any CPU.ActiveCfg = Release|Any CPU
		{7BA5F0AA-245B-40E6-98AC-A6924BFE12EA}.Release|Any CPU.Build.0 = Release|Any CPU
		{871B0DD3-1F1A-4CFE-9406-724CBEA65899}.Debug|Any CPU.ActiveCfg = Debug|Any CPU
		{871B0DD3-1F1A-4CFE-9406-724CBEA65899}.Debug|Any CPU.Build.0 = Debug|Any CPU
		{871B0DD3-1F1A-4CFE-9406-724CBEA65899}.Release|Any CPU.ActiveCfg = Release|Any CPU
		{871B0DD3-1F1A-4CFE-9406-724CBEA65899}.Release|Any CPU.Build.0 = Release|Any CPU
		{7F44E193-24DC-4534-90EF-CDF5F6D89885}.Debug|Any CPU.ActiveCfg = Debug|Any CPU
		{7F44E193-24DC-4534-90EF-CDF5F6D89885}.Debug|Any CPU.Build.0 = Debug|Any CPU
		{7F44E193-24DC-4534-90EF-CDF5F6D89885}.Release|Any CPU.ActiveCfg = Release|Any CPU
		{7F44E193-24DC-4534-90EF-CDF5F6D89885}.Release|Any CPU.Build.0 = Release|Any CPU
	EndGlobalSection
	GlobalSection(SolutionProperties) = preSolution
		HideSolutionNode = FALSE
	EndGlobalSection
	GlobalSection(ExtensibilityGlobals) = postSolution
		SolutionGuid = {844E7E19-1CAB-4A0C-98FF-AC08E2B5084A}
	EndGlobalSection
EndGlobal
